
Microsoft Visual Studio Solution File, Format Version 12.00
# Visual Studio Version 16
VisualStudioVersion = 16.0.810.22
MinimumVisualStudioVersion = 10.0.40219.1
Project("{FAE04EC0-301F-11D3-BF4B-00C04F79EFBC}") = "BestBuyBestPractices", "BestBuyBestPractices\BestBuyBestPractices.csproj", "{68679CAA-BAB2-457F-A7E3-8CB900C17C5A}"
EndProject
Global
	GlobalSection(SolutionConfigurationPlatforms) = preSolution
		Debug|Any CPU = Debug|Any CPU
		Release|Any CPU = Release|Any CPU
	EndGlobalSection
	GlobalSection(ProjectConfigurationPlatforms) = postSolution
		{68679CAA-BAB2-457F-A7E3-8CB900C17C5A}.Debug|Any CPU.ActiveCfg = Debug|Any CPU
		{68679CAA-BAB2-457F-A7E3-8CB900C17C5A}.Debug|Any CPU.Build.0 = Debug|Any CPU
		{68679CAA-BAB2-457F-A7E3-8CB900C17C5A}.Release|Any CPU.ActiveCfg = Release|Any CPU
		{68679CAA-BAB2-457F-A7E3-8CB900C17C5A}.Release|Any CPU.Build.0 = Release|Any CPU
	EndGlobalSection
	GlobalSection(SolutionProperties) = preSolution
		HideSolutionNode = FALSE
	EndGlobalSection
	GlobalSection(ExtensibilityGlobals) = postSolution
		SolutionGuid = {5A5D0D48-5778-4E76-B0ED-B0AA7B617494}
	EndGlobalSection
EndGlobal
